
Microsoft Visual Studio Solution File, Format Version 12.00
# Visual Studio Version 16
VisualStudioVersion = 16.0.31624.102
MinimumVisualStudioVersion = 10.0.40219.1
Project("{FAE04EC0-301F-11D3-BF4B-00C04F79EFBC}") = "Widgets", "Widgets\Widgets.csproj", "{1448F4AF-8A69-4473-86D4-631342195BB6}"
EndProject
Project("{FAE04EC0-301F-11D3-BF4B-00C04F79EFBC}") = "MVP", "MVP\MVP.csproj", "{AE8A3A70-7434-4FDD-BF9C-F645550D4096}"
	ProjectSection(ProjectDependencies) = postProject
		{C0AD12F1-74B4-4F13-833D-6ABF5A976C1B} = {C0AD12F1-74B4-4F13-833D-6ABF5A976C1B}
	EndProjectSection
EndProject
Project("{2150E333-8FDC-42A3-9474-1A3956D46DE8}") = "EnvironmentLibs", "EnvironmentLibs", "{30748A13-AB1D-4D4D-B52B-CFD9774C7C4B}"
EndProject
Project("{FAE04EC0-301F-11D3-BF4B-00C04F79EFBC}") = "Environment", "Environments\Environment.csproj", "{C9588EDA-2B51-4CAA-8B2A-9F4AF03E1229}"
EndProject
Project("{FAE04EC0-301F-11D3-BF4B-00C04F79EFBC}") = "WinFormEnv", "EnvironmentLibs\WinFormEnv\WinFormEnv.csproj", "{207823DB-9A0C-4DB6-92F7-6DAA9CE6A215}"
EndProject
Project("{FAE04EC0-301F-11D3-BF4B-00C04F79EFBC}") = "AcEditorEnv", "EnvironmentLibs\AcEditor\AcEditorEnv.csproj", "{208327F5-C544-45E6-9354-85C954A21091}"
EndProject
Project("{FAE04EC0-301F-11D3-BF4B-00C04F79EFBC}") = "Graphic", "Graphic\Graphic.csproj", "{C0AD12F1-74B4-4F13-833D-6ABF5A976C1B}"
EndProject
Global
	GlobalSection(SolutionConfigurationPlatforms) = preSolution
		Debug|Any CPU = Debug|Any CPU
		Release|Any CPU = Release|Any CPU
	EndGlobalSection
	GlobalSection(ProjectConfigurationPlatforms) = postSolution
		{1448F4AF-8A69-4473-86D4-631342195BB6}.Debug|Any CPU.ActiveCfg = Debug|Any CPU
		{1448F4AF-8A69-4473-86D4-631342195BB6}.Debug|Any CPU.Build.0 = Debug|Any CPU
		{1448F4AF-8A69-4473-86D4-631342195BB6}.Release|Any CPU.ActiveCfg = Release|Any CPU
		{1448F4AF-8A69-4473-86D4-631342195BB6}.Release|Any CPU.Build.0 = Release|Any CPU
		{AE8A3A70-7434-4FDD-BF9C-F645550D4096}.Debug|Any CPU.ActiveCfg = Debug|Any CPU
		{AE8A3A70-7434-4FDD-BF9C-F645550D4096}.Debug|Any CPU.Build.0 = Debug|Any CPU
		{AE8A3A70-7434-4FDD-BF9C-F645550D4096}.Release|Any CPU.ActiveCfg = Release|Any CPU
		{AE8A3A70-7434-4FDD-BF9C-F645550D4096}.Release|Any CPU.Build.0 = Release|Any CPU
		{207823DB-9A0C-4DB6-92F7-6DAA9CE6A215}.Debug|Any CPU.ActiveCfg = Debug|Any CPU
		{207823DB-9A0C-4DB6-92F7-6DAA9CE6A215}.Debug|Any CPU.Build.0 = Debug|Any CPU
		{207823DB-9A0C-4DB6-92F7-6DAA9CE6A215}.Release|Any CPU.ActiveCfg = Release|Any CPU
		{207823DB-9A0C-4DB6-92F7-6DAA9CE6A215}.Release|Any CPU.Build.0 = Release|Any CPU
		{208327F5-C544-45E6-9354-85C954A21091}.Debug|Any CPU.ActiveCfg = Debug|Any CPU
		{208327F5-C544-45E6-9354-85C954A21091}.Debug|Any CPU.Build.0 = Debug|Any CPU
		{208327F5-C544-45E6-9354-85C954A21091}.Release|Any CPU.ActiveCfg = Release|Any CPU
		{208327F5-C544-45E6-9354-85C954A21091}.Release|Any CPU.Build.0 = Release|Any CPU
		{C0AD12F1-74B4-4F13-833D-6ABF5A976C1B}.Debug|Any CPU.ActiveCfg = Debug|Any CPU
		{C0AD12F1-74B4-4F13-833D-6ABF5A976C1B}.Debug|Any CPU.Build.0 = Debug|Any CPU
		{C0AD12F1-74B4-4F13-833D-6ABF5A976C1B}.Release|Any CPU.ActiveCfg = Release|Any CPU
		{C0AD12F1-74B4-4F13-833D-6ABF5A976C1B}.Release|Any CPU.Build.0 = Release|Any CPU
		{C9588EDA-2B51-4CAA-8B2A-9F4AF03E1229}.Debug|Any CPU.ActiveCfg = Debug|Any CPU
		{C9588EDA-2B51-4CAA-8B2A-9F4AF03E1229}.Debug|Any CPU.Build.0 = Debug|Any CPU
		{C9588EDA-2B51-4CAA-8B2A-9F4AF03E1229}.Release|Any CPU.ActiveCfg = Release|Any CPU
		{C9588EDA-2B51-4CAA-8B2A-9F4AF03E1229}.Release|Any CPU.Build.0 = Release|Any CPU
	EndGlobalSection
	GlobalSection(SolutionProperties) = preSolution
		HideSolutionNode = FALSE
	EndGlobalSection
	GlobalSection(NestedProjects) = preSolution
		{207823DB-9A0C-4DB6-92F7-6DAA9CE6A215} = {30748A13-AB1D-4D4D-B52B-CFD9774C7C4B}
		{208327F5-C544-45E6-9354-85C954A21091} = {30748A13-AB1D-4D4D-B52B-CFD9774C7C4B}
	EndGlobalSection
	GlobalSection(ExtensibilityGlobals) = postSolution
		SolutionGuid = {9F5800EB-CFB5-46EB-8682-2E055AB8F1B0}
	EndGlobalSection
EndGlobal
